// !$*UTF8*$!
{
	archiveVersion = 1;
	classes = {
	};
	objectVersion = 50;
	objects = {

/* Begin PBXBuildFile section */
		F75D33E324AA06FB000D9BC0 /* 타겟_넘버.cpp in Sources */ = {isa = PBXBuildFile; fileRef = F75D33E224AA06FB000D9BC0 /* 타겟_넘버.cpp */; };
		F75D33EA24AA08AE000D9BC0 /* 네트워크.cpp in Sources */ = {isa = PBXBuildFile; fileRef = F75D33E924AA08AE000D9BC0 /* 네트워크.cpp */; };
		F75D33EC24AA0A01000D9BC0 /* 단어_변환.cpp in Sources */ = {isa = PBXBuildFile; fileRef = F75D33EB24AA0A01000D9BC0 /* 단어_변환.cpp */; };
		F75D33EE24AA0AB3000D9BC0 /* 모의고사.cpp in Sources */ = {isa = PBXBuildFile; fileRef = F75D33ED24AA0AB3000D9BC0 /* 모의고사.cpp */; };
		F75D33F024AA0B65000D9BC0 /* 소수_찾기.cpp in Sources */ = {isa = PBXBuildFile; fileRef = F75D33EF24AA0B65000D9BC0 /* 소수_찾기.cpp */; };
		F75D33F224AA0BBB000D9BC0 /* K번째_수.cpp in Sources */ = {isa = PBXBuildFile; fileRef = F75D33F124AA0BBB000D9BC0 /* K번째_수.cpp */; };
		F75D33F424AA0C0E000D9BC0 /* 가장_큰_수.cpp in Sources */ = {isa = PBXBuildFile; fileRef = F75D33F324AA0C0E000D9BC0 /* 가장_큰_수.cpp */; };
		F75D33F624AA0C8E000D9BC0 /* H-Index.cpp in Sources */ = {isa = PBXBuildFile; fileRef = F75D33F524AA0C8E000D9BC0 /* H-Index.cpp */; };
		F75D33F824AA0CFF000D9BC0 /* 완주하지_못한_선수.cpp in Sources */ = {isa = PBXBuildFile; fileRef = F75D33F724AA0CFF000D9BC0 /* 완주하지_못한_선수.cpp */; };
		F75D33FA24AA0D65000D9BC0 /* 전화번호_목록.cpp in Sources */ = {isa = PBXBuildFile; fileRef = F75D33F924AA0D65000D9BC0 /* 전화번호_목록.cpp */; };
		F75D33FC24AA0DB6000D9BC0 /* 위장.cpp in Sources */ = {isa = PBXBuildFile; fileRef = F75D33FB24AA0DB6000D9BC0 /* 위장.cpp */; };
		F75D33FE24AA0E06000D9BC0 /* 베스트앨범.cpp in Sources */ = {isa = PBXBuildFile; fileRef = F75D33FD24AA0E06000D9BC0 /* 베스트앨범.cpp */; };
		F75D340024AA0E71000D9BC0 /* 다리를_지나는_트럭.cpp in Sources */ = {isa = PBXBuildFile; fileRef = F75D33FF24AA0E71000D9BC0 /* 다리를_지나는_트럭.cpp */; };
		F75D340224AA0F0C000D9BC0 /* 탑.cpp in Sources */ = {isa = PBXBuildFile; fileRef = F75D340124AA0F0C000D9BC0 /* 탑.cpp */; };
		F75D340424AA0F67000D9BC0 /* 기능개발.cpp in Sources */ = {isa = PBXBuildFile; fileRef = F75D340324AA0F67000D9BC0 /* 기능개발.cpp */; };
		F75D340624AA1184000D9BC0 /* 더_맵게.cpp in Sources */ = {isa = PBXBuildFile; fileRef = F75D340524AA1184000D9BC0 /* 더_맵게.cpp */; };
		F75D340824AA11CA000D9BC0 /* 라면공장.cpp in Sources */ = {isa = PBXBuildFile; fileRef = F75D340724AA11CA000D9BC0 /* 라면공장.cpp */; };
		F75D340A24AA121C000D9BC0 /* 디스크_컨트롤러.cpp in Sources */ = {isa = PBXBuildFile; fileRef = F75D340924AA121C000D9BC0 /* 디스크_컨트롤러.cpp */; };
		F75D340C24AA1282000D9BC0 /* 문자열_압축.cpp in Sources */ = {isa = PBXBuildFile; fileRef = F75D340B24AA1282000D9BC0 /* 문자열_압축.cpp */; };
		F75D340E24AA12CD000D9BC0 /* 괄호_변환.cpp in Sources */ = {isa = PBXBuildFile; fileRef = F75D340D24AA12CD000D9BC0 /* 괄호_변환.cpp */; };
		F75D341024AA131A000D9BC0 /* 자물쇠와_열쇠.cpp in Sources */ = {isa = PBXBuildFile; fileRef = F75D340F24AA131A000D9BC0 /* 자물쇠와_열쇠.cpp */; };
		F75D341224AA138B000D9BC0 /* 가사_검색.cpp in Sources */ = {isa = PBXBuildFile; fileRef = F75D341124AA138B000D9BC0 /* 가사_검색.cpp */; };
		F75D341424AA140D000D9BC0 /* 블록_이동하기.cpp in Sources */ = {isa = PBXBuildFile; fileRef = F75D341324AA140D000D9BC0 /* 블록_이동하기.cpp */; };
		F75D341624AA145D000D9BC0 /* 오픈채팅방.cpp in Sources */ = {isa = PBXBuildFile; fileRef = F75D341524AA145D000D9BC0 /* 오픈채팅방.cpp */; };
		F75D341824AA14A8000D9BC0 /* 실패율.cpp in Sources */ = {isa = PBXBuildFile; fileRef = F75D341724AA14A8000D9BC0 /* 실패율.cpp */; };
/* End PBXBuildFile section */

/* Begin PBXCopyFilesBuildPhase section */
		F75D33DD24AA06FB000D9BC0 /* CopyFiles */ = {
			isa = PBXCopyFilesBuildPhase;
			buildActionMask = 2147483647;
			dstPath = /usr/share/man/man1/;
			dstSubfolderSpec = 0;
			files = (
			);
			runOnlyForDeploymentPostprocessing = 1;
		};
/* End PBXCopyFilesBuildPhase section */

/* Begin PBXFileReference section */
		F75D33DF24AA06FB000D9BC0 /* Programmers */ = {isa = PBXFileReference; explicitFileType = "compiled.mach-o.executable"; includeInIndex = 0; path = Programmers; sourceTree = BUILT_PRODUCTS_DIR; };
		F75D33E224AA06FB000D9BC0 /* 타겟_넘버.cpp */ = {isa = PBXFileReference; lastKnownFileType = sourcecode.cpp.cpp; path = "타겟_넘버.cpp"; sourceTree = "<group>"; };
		F75D33E924AA08AE000D9BC0 /* 네트워크.cpp */ = {isa = PBXFileReference; lastKnownFileType = sourcecode.cpp.cpp; path = "네트워크.cpp"; sourceTree = "<group>"; };
		F75D33EB24AA0A01000D9BC0 /* 단어_변환.cpp */ = {isa = PBXFileReference; lastKnownFileType = sourcecode.cpp.cpp; path = "단어_변환.cpp"; sourceTree = "<group>"; };
		F75D33ED24AA0AB3000D9BC0 /* 모의고사.cpp */ = {isa = PBXFileReference; lastKnownFileType = sourcecode.cpp.cpp; path = "모의고사.cpp"; sourceTree = "<group>"; };
		F75D33EF24AA0B65000D9BC0 /* 소수_찾기.cpp */ = {isa = PBXFileReference; lastKnownFileType = sourcecode.cpp.cpp; path = "소수_찾기.cpp"; sourceTree = "<group>"; };
		F75D33F124AA0BBB000D9BC0 /* K번째_수.cpp */ = {isa = PBXFileReference; lastKnownFileType = sourcecode.cpp.cpp; path = "K번째_수.cpp"; sourceTree = "<group>"; };
		F75D33F324AA0C0E000D9BC0 /* 가장_큰_수.cpp */ = {isa = PBXFileReference; lastKnownFileType = sourcecode.cpp.cpp; path = "가장_큰_수.cpp"; sourceTree = "<group>"; };
		F75D33F524AA0C8E000D9BC0 /* H-Index.cpp */ = {isa = PBXFileReference; lastKnownFileType = sourcecode.cpp.cpp; path = "H-Index.cpp"; sourceTree = "<group>"; };
		F75D33F724AA0CFF000D9BC0 /* 완주하지_못한_선수.cpp */ = {isa = PBXFileReference; lastKnownFileType = sourcecode.cpp.cpp; path = "완주하지_못한_선수.cpp"; sourceTree = "<group>"; };
		F75D33F924AA0D65000D9BC0 /* 전화번호_목록.cpp */ = {isa = PBXFileReference; lastKnownFileType = sourcecode.cpp.cpp; path = "전화번호_목록.cpp"; sourceTree = "<group>"; };
		F75D33FB24AA0DB6000D9BC0 /* 위장.cpp */ = {isa = PBXFileReference; lastKnownFileType = sourcecode.cpp.cpp; path = "위장.cpp"; sourceTree = "<group>"; };
		F75D33FD24AA0E06000D9BC0 /* 베스트앨범.cpp */ = {isa = PBXFileReference; lastKnownFileType = sourcecode.cpp.cpp; path = "베스트앨범.cpp"; sourceTree = "<group>"; };
		F75D33FF24AA0E71000D9BC0 /* 다리를_지나는_트럭.cpp */ = {isa = PBXFileReference; lastKnownFileType = sourcecode.cpp.cpp; path = "다리를_지나는_트럭.cpp"; sourceTree = "<group>"; };
		F75D340124AA0F0C000D9BC0 /* 탑.cpp */ = {isa = PBXFileReference; lastKnownFileType = sourcecode.cpp.cpp; path = "탑.cpp"; sourceTree = "<group>"; };
		F75D340324AA0F67000D9BC0 /* 기능개발.cpp */ = {isa = PBXFileReference; lastKnownFileType = sourcecode.cpp.cpp; path = "기능개발.cpp"; sourceTree = "<group>"; };
		F75D340524AA1184000D9BC0 /* 더_맵게.cpp */ = {isa = PBXFileReference; lastKnownFileType = sourcecode.cpp.cpp; path = "더_맵게.cpp"; sourceTree = "<group>"; };
		F75D340724AA11CA000D9BC0 /* 라면공장.cpp */ = {isa = PBXFileReference; lastKnownFileType = sourcecode.cpp.cpp; path = "라면공장.cpp"; sourceTree = "<group>"; };
		F75D340924AA121C000D9BC0 /* 디스크_컨트롤러.cpp */ = {isa = PBXFileReference; lastKnownFileType = sourcecode.cpp.cpp; path = "디스크_컨트롤러.cpp"; sourceTree = "<group>"; };
		F75D340B24AA1282000D9BC0 /* 문자열_압축.cpp */ = {isa = PBXFileReference; lastKnownFileType = sourcecode.cpp.cpp; path = "문자열_압축.cpp"; sourceTree = "<group>"; };
		F75D340D24AA12CD000D9BC0 /* 괄호_변환.cpp */ = {isa = PBXFileReference; lastKnownFileType = sourcecode.cpp.cpp; path = "괄호_변환.cpp"; sourceTree = "<group>"; };
		F75D340F24AA131A000D9BC0 /* 자물쇠와_열쇠.cpp */ = {isa = PBXFileReference; lastKnownFileType = sourcecode.cpp.cpp; path = "자물쇠와_열쇠.cpp"; sourceTree = "<group>"; };
		F75D341124AA138B000D9BC0 /* 가사_검색.cpp */ = {isa = PBXFileReference; lastKnownFileType = sourcecode.cpp.cpp; path = "가사_검색.cpp"; sourceTree = "<group>"; };
		F75D341324AA140D000D9BC0 /* 블록_이동하기.cpp */ = {isa = PBXFileReference; lastKnownFileType = sourcecode.cpp.cpp; path = "블록_이동하기.cpp"; sourceTree = "<group>"; };
		F75D341524AA145D000D9BC0 /* 오픈채팅방.cpp */ = {isa = PBXFileReference; lastKnownFileType = sourcecode.cpp.cpp; path = "오픈채팅방.cpp"; sourceTree = "<group>"; };
		F75D341724AA14A8000D9BC0 /* 실패율.cpp */ = {isa = PBXFileReference; lastKnownFileType = sourcecode.cpp.cpp; path = "실패율.cpp"; sourceTree = "<group>"; };
/* End PBXFileReference section */

/* Begin PBXFrameworksBuildPhase section */
		F75D33DC24AA06FB000D9BC0 /* Frameworks */ = {
			isa = PBXFrameworksBuildPhase;
			buildActionMask = 2147483647;
			files = (
			);
			runOnlyForDeploymentPostprocessing = 0;
		};
/* End PBXFrameworksBuildPhase section */

/* Begin PBXGroup section */
		F75D33D624AA06FB000D9BC0 = {
			isa = PBXGroup;
			children = (
				F75D33E124AA06FB000D9BC0 /* Programmers */,
				F75D33E024AA06FB000D9BC0 /* Products */,
			);
			sourceTree = "<group>";
		};
		F75D33E024AA06FB000D9BC0 /* Products */ = {
			isa = PBXGroup;
			children = (
				F75D33DF24AA06FB000D9BC0 /* Programmers */,
			);
			name = Products;
			sourceTree = "<group>";
		};
		F75D33E124AA06FB000D9BC0 /* Programmers */ = {
			isa = PBXGroup;
			children = (
				F75D33E224AA06FB000D9BC0 /* 타겟_넘버.cpp */,
				F75D33E924AA08AE000D9BC0 /* 네트워크.cpp */,
				F75D33EB24AA0A01000D9BC0 /* 단어_변환.cpp */,
				F75D33ED24AA0AB3000D9BC0 /* 모의고사.cpp */,
				F75D33EF24AA0B65000D9BC0 /* 소수_찾기.cpp */,
				F75D33F124AA0BBB000D9BC0 /* K번째_수.cpp */,
				F75D33F324AA0C0E000D9BC0 /* 가장_큰_수.cpp */,
				F75D33F524AA0C8E000D9BC0 /* H-Index.cpp */,
				F75D33F724AA0CFF000D9BC0 /* 완주하지_못한_선수.cpp */,
				F75D33F924AA0D65000D9BC0 /* 전화번호_목록.cpp */,
				F75D33FB24AA0DB6000D9BC0 /* 위장.cpp */,
				F75D33FD24AA0E06000D9BC0 /* 베스트앨범.cpp */,
				F75D33FF24AA0E71000D9BC0 /* 다리를_지나는_트럭.cpp */,
				F75D340124AA0F0C000D9BC0 /* 탑.cpp */,
				F75D340324AA0F67000D9BC0 /* 기능개발.cpp */,
				F75D340524AA1184000D9BC0 /* 더_맵게.cpp */,
				F75D340724AA11CA000D9BC0 /* 라면공장.cpp */,
				F75D340924AA121C000D9BC0 /* 디스크_컨트롤러.cpp */,
				F75D340B24AA1282000D9BC0 /* 문자열_압축.cpp */,
				F75D340D24AA12CD000D9BC0 /* 괄호_변환.cpp */,
				F75D340F24AA131A000D9BC0 /* 자물쇠와_열쇠.cpp */,
				F75D341124AA138B000D9BC0 /* 가사_검색.cpp */,
				F75D341324AA140D000D9BC0 /* 블록_이동하기.cpp */,
				F75D341524AA145D000D9BC0 /* 오픈채팅방.cpp */,
				F75D341724AA14A8000D9BC0 /* 실패율.cpp */,
			);
			path = Programmers;
			sourceTree = "<group>";
		};
/* End PBXGroup section */

/* Begin PBXNativeTarget section */
		F75D33DE24AA06FB000D9BC0 /* Programmers */ = {
			isa = PBXNativeTarget;
			buildConfigurationList = F75D33E624AA06FB000D9BC0 /* Build configuration list for PBXNativeTarget "Programmers" */;
			buildPhases = (
				F75D33DB24AA06FB000D9BC0 /* Sources */,
				F75D33DC24AA06FB000D9BC0 /* Frameworks */,
				F75D33DD24AA06FB000D9BC0 /* CopyFiles */,
			);
			buildRules = (
			);
			dependencies = (
			);
			name = Programmers;
			productName = Programmers;
			productReference = F75D33DF24AA06FB000D9BC0 /* Programmers */;
			productType = "com.apple.product-type.tool";
		};
/* End PBXNativeTarget section */

/* Begin PBXProject section */
		F75D33D724AA06FB000D9BC0 /* Project object */ = {
			isa = PBXProject;
			attributes = {
				LastUpgradeCheck = 1030;
				ORGANIZATIONNAME = "jiho park";
				TargetAttributes = {
					F75D33DE24AA06FB000D9BC0 = {
						CreatedOnToolsVersion = 10.3;
					};
				};
			};
			buildConfigurationList = F75D33DA24AA06FB000D9BC0 /* Build configuration list for PBXProject "Programmers" */;
			compatibilityVersion = "Xcode 9.3";
			developmentRegion = en;
			hasScannedForEncodings = 0;
			knownRegions = (
				en,
			);
			mainGroup = F75D33D624AA06FB000D9BC0;
			productRefGroup = F75D33E024AA06FB000D9BC0 /* Products */;
			projectDirPath = "";
			projectRoot = "";
			targets = (
				F75D33DE24AA06FB000D9BC0 /* Programmers */,
			);
		};
/* End PBXProject section */

/* Begin PBXSourcesBuildPhase section */
		F75D33DB24AA06FB000D9BC0 /* Sources */ = {
			isa = PBXSourcesBuildPhase;
			buildActionMask = 2147483647;
			files = (
				F75D33EA24AA08AE000D9BC0 /* 네트워크.cpp in Sources */,
				F75D33F624AA0C8E000D9BC0 /* H-Index.cpp in Sources */,
				F75D33F224AA0BBB000D9BC0 /* K번째_수.cpp in Sources */,
				F75D340424AA0F67000D9BC0 /* 기능개발.cpp in Sources */,
				F75D340E24AA12CD000D9BC0 /* 괄호_변환.cpp in Sources */,
				F75D341824AA14A8000D9BC0 /* 실패율.cpp in Sources */,
				F75D33EC24AA0A01000D9BC0 /* 단어_변환.cpp in Sources */,
				F75D33FE24AA0E06000D9BC0 /* 베스트앨범.cpp in Sources */,
				F75D341224AA138B000D9BC0 /* 가사_검색.cpp in Sources */,
				F75D340A24AA121C000D9BC0 /* 디스크_컨트롤러.cpp in Sources */,
				F75D340C24AA1282000D9BC0 /* 문자열_압축.cpp in Sources */,
				F75D340824AA11CA000D9BC0 /* 라면공장.cpp in Sources */,
				F75D33EE24AA0AB3000D9BC0 /* 모의고사.cpp in Sources */,
				F75D33F824AA0CFF000D9BC0 /* 완주하지_못한_선수.cpp in Sources */,
				F75D33E324AA06FB000D9BC0 /* 타겟_넘버.cpp in Sources */,
				F75D341424AA140D000D9BC0 /* 블록_이동하기.cpp in Sources */,
				F75D33F024AA0B65000D9BC0 /* 소수_찾기.cpp in Sources */,
				F75D340624AA1184000D9BC0 /* 더_맵게.cpp in Sources */,
				F75D341024AA131A000D9BC0 /* 자물쇠와_열쇠.cpp in Sources */,
				F75D341624AA145D000D9BC0 /* 오픈채팅방.cpp in Sources */,
				F75D340224AA0F0C000D9BC0 /* 탑.cpp in Sources */,
				F75D340024AA0E71000D9BC0 /* 다리를_지나는_트럭.cpp in Sources */,
				F75D33FA24AA0D65000D9BC0 /* 전화번호_목록.cpp in Sources */,
				F75D33F424AA0C0E000D9BC0 /* 가장_큰_수.cpp in Sources */,
				F75D33FC24AA0DB6000D9BC0 /* 위장.cpp in Sources */,
			);
			runOnlyForDeploymentPostprocessing = 0;
		};
/* End PBXSourcesBuildPhase section */

/* Begin XCBuildConfiguration section */
		F75D33E424AA06FB000D9BC0 /* Debug */ = {
			isa = XCBuildConfiguration;
			buildSettings = {
				ALWAYS_SEARCH_USER_PATHS = NO;
				CLANG_ANALYZER_NONNULL = YES;
				CLANG_ANALYZER_NUMBER_OBJECT_CONVERSION = YES_AGGRESSIVE;
				CLANG_CXX_LANGUAGE_STANDARD = "gnu++14";
				CLANG_CXX_LIBRARY = "libc++";
				CLANG_ENABLE_MODULES = YES;
				CLANG_ENABLE_OBJC_ARC = YES;
				CLANG_ENABLE_OBJC_WEAK = YES;
				CLANG_WARN_BLOCK_CAPTURE_AUTORELEASING = YES;
				CLANG_WARN_BOOL_CONVERSION = YES;
				CLANG_WARN_COMMA = YES;
				CLANG_WARN_CONSTANT_CONVERSION = YES;
				CLANG_WARN_DEPRECATED_OBJC_IMPLEMENTATIONS = YES;
				CLANG_WARN_DIRECT_OBJC_ISA_USAGE = YES_ERROR;
				CLANG_WARN_DOCUMENTATION_COMMENTS = YES;
				CLANG_WARN_EMPTY_BODY = YES;
				CLANG_WARN_ENUM_CONVERSION = YES;
				CLANG_WARN_INFINITE_RECURSION = YES;
				CLANG_WARN_INT_CONVERSION = YES;
				CLANG_WARN_NON_LITERAL_NULL_CONVERSION = YES;
				CLANG_WARN_OBJC_IMPLICIT_RETAIN_SELF = YES;
				CLANG_WARN_OBJC_LITERAL_CONVERSION = YES;
				CLANG_WARN_OBJC_ROOT_CLASS = YES_ERROR;
				CLANG_WARN_RANGE_LOOP_ANALYSIS = YES;
				CLANG_WARN_STRICT_PROTOTYPES = YES;
				CLANG_WARN_SUSPICIOUS_MOVE = YES;
				CLANG_WARN_UNGUARDED_AVAILABILITY = YES_AGGRESSIVE;
				CLANG_WARN_UNREACHABLE_CODE = YES;
				CLANG_WARN__DUPLICATE_METHOD_MATCH = YES;
				CODE_SIGN_IDENTITY = "Mac Developer";
				COPY_PHASE_STRIP = NO;
				DEBUG_INFORMATION_FORMAT = dwarf;
				ENABLE_STRICT_OBJC_MSGSEND = YES;
				ENABLE_TESTABILITY = YES;
				GCC_C_LANGUAGE_STANDARD = gnu11;
				GCC_DYNAMIC_NO_PIC = NO;
				GCC_NO_COMMON_BLOCKS = YES;
				GCC_OPTIMIZATION_LEVEL = 0;
				GCC_PREPROCESSOR_DEFINITIONS = (
					"DEBUG=1",
					"$(inherited)",
				);
				GCC_WARN_64_TO_32_BIT_CONVERSION = YES;
				GCC_WARN_ABOUT_RETURN_TYPE = YES_ERROR;
				GCC_WARN_UNDECLARED_SELECTOR = YES;
				GCC_WARN_UNINITIALIZED_AUTOS = YES_AGGRESSIVE;
				GCC_WARN_UNUSED_FUNCTION = YES;
				GCC_WARN_UNUSED_VARIABLE = YES;
				MACOSX_DEPLOYMENT_TARGET = 10.15;
				MTL_ENABLE_DEBUG_INFO = INCLUDE_SOURCE;
				MTL_FAST_MATH = YES;
				ONLY_ACTIVE_ARCH = YES;
				SDKROOT = macosx;
			};
			name = Debug;
		};
		F75D33E524AA06FB000D9BC0 /* Release */ = {
			isa = XCBuildConfiguration;
			buildSettings = {
				ALWAYS_SEARCH_USER_PATHS = NO;
				CLANG_ANALYZER_NONNULL = YES;
				CLANG_ANALYZER_NUMBER_OBJECT_CONVERSION = YES_AGGRESSIVE;
				CLANG_CXX_LANGUAGE_STANDARD = "gnu++14";
				CLANG_CXX_LIBRARY = "libc++";
				CLANG_ENABLE_MODULES = YES;
				CLANG_ENABLE_OBJC_ARC = YES;
				CLANG_ENABLE_OBJC_WEAK = YES;
				CLANG_WARN_BLOCK_CAPTURE_AUTORELEASING = YES;
				CLANG_WARN_BOOL_CONVERSION = YES;
				CLANG_WARN_COMMA = YES;
				CLANG_WARN_CONSTANT_CONVERSION = YES;
				CLANG_WARN_DEPRECATED_OBJC_IMPLEMENTATIONS = YES;
				CLANG_WARN_DIRECT_OBJC_ISA_USAGE = YES_ERROR;
				CLANG_WARN_DOCUMENTATION_COMMENTS = YES;
				CLANG_WARN_EMPTY_BODY = YES;
				CLANG_WARN_ENUM_CONVERSION = YES;
				CLANG_WARN_INFINITE_RECURSION = YES;
				CLANG_WARN_INT_CONVERSION = YES;
				CLANG_WARN_NON_LITERAL_NULL_CONVERSION = YES;
				CLANG_WARN_OBJC_IMPLICIT_RETAIN_SELF = YES;
				CLANG_WARN_OBJC_LITERAL_CONVERSION = YES;
				CLANG_WARN_OBJC_ROOT_CLASS = YES_ERROR;
				CLANG_WARN_RANGE_LOOP_ANALYSIS = YES;
				CLANG_WARN_STRICT_PROTOTYPES = YES;
				CLANG_WARN_SUSPICIOUS_MOVE = YES;
				CLANG_WARN_UNGUARDED_AVAILABILITY = YES_AGGRESSIVE;
				CLANG_WARN_UNREACHABLE_CODE = YES;
				CLANG_WARN__DUPLICATE_METHOD_MATCH = YES;
				CODE_SIGN_IDENTITY = "Mac Developer";
				COPY_PHASE_STRIP = NO;
				DEBUG_INFORMATION_FORMAT = "dwarf-with-dsym";
				ENABLE_NS_ASSERTIONS = NO;
				ENABLE_STRICT_OBJC_MSGSEND = YES;
				GCC_C_LANGUAGE_STANDARD = gnu11;
				GCC_NO_COMMON_BLOCKS = YES;
				GCC_WARN_64_TO_32_BIT_CONVERSION = YES;
				GCC_WARN_ABOUT_RETURN_TYPE = YES_ERROR;
				GCC_WARN_UNDECLARED_SELECTOR = YES;
				GCC_WARN_UNINITIALIZED_AUTOS = YES_AGGRESSIVE;
				GCC_WARN_UNUSED_FUNCTION = YES;
				GCC_WARN_UNUSED_VARIABLE = YES;
				MACOSX_DEPLOYMENT_TARGET = 10.15;
				MTL_ENABLE_DEBUG_INFO = NO;
				MTL_FAST_MATH = YES;
				SDKROOT = macosx;
			};
			name = Release;
		};
		F75D33E724AA06FB000D9BC0 /* Debug */ = {
			isa = XCBuildConfiguration;
			buildSettings = {
				CODE_SIGN_STYLE = Automatic;
				DEVELOPMENT_TEAM = V3W78W5N2Z;
				PRODUCT_NAME = "$(TARGET_NAME)";
			};
			name = Debug;
		};
		F75D33E824AA06FB000D9BC0 /* Release */ = {
			isa = XCBuildConfiguration;
			buildSettings = {
				CODE_SIGN_STYLE = Automatic;
				DEVELOPMENT_TEAM = V3W78W5N2Z;
				PRODUCT_NAME = "$(TARGET_NAME)";
			};
			name = Release;
		};
/* End XCBuildConfiguration section */

/* Begin XCConfigurationList section */
		F75D33DA24AA06FB000D9BC0 /* Build configuration list for PBXProject "Programmers" */ = {
			isa = XCConfigurationList;
			buildConfigurations = (
				F75D33E424AA06FB000D9BC0 /* Debug */,
				F75D33E524AA06FB000D9BC0 /* Release */,
			);
			defaultConfigurationIsVisible = 0;
			defaultConfigurationName = Release;
		};
		F75D33E624AA06FB000D9BC0 /* Build configuration list for PBXNativeTarget "Programmers" */ = {
			isa = XCConfigurationList;
			buildConfigurations = (
				F75D33E724AA06FB000D9BC0 /* Debug */,
				F75D33E824AA06FB000D9BC0 /* Release */,
			);
			defaultConfigurationIsVisible = 0;
			defaultConfigurationName = Release;
		};
/* End XCConfigurationList section */
	};
	rootObject = F75D33D724AA06FB000D9BC0 /* Project object */;
}
