// !$*UTF8*$!
{
	archiveVersion = 1;
	classes = {
	};
	objectVersion = 50;
	objects = {

/* Begin PBXBuildFile section */
		F77C358E23F0191F00ABA51F /* 보물섬_2589.cpp in Sources */ = {isa = PBXBuildFile; fileRef = F77C358D23F0191F00ABA51F /* 보물섬_2589.cpp */; };
/* End PBXBuildFile section */

/* Begin PBXCopyFilesBuildPhase section */
		F785304723D6DBE9006744AE /* CopyFiles */ = {
			isa = PBXCopyFilesBuildPhase;
			buildActionMask = 2147483647;
			dstPath = /usr/share/man/man1/;
			dstSubfolderSpec = 0;
			files = (
			);
			runOnlyForDeploymentPostprocessing = 1;
		};
/* End PBXCopyFilesBuildPhase section */

/* Begin PBXFileReference section */
		F77C358D23F0191F00ABA51F /* 보물섬_2589.cpp */ = {isa = PBXFileReference; lastKnownFileType = sourcecode.cpp.cpp; path = "보물섬_2589.cpp"; sourceTree = "<group>"; };
		F77F6AF023E9A9680001E703 /* 캐슬_디펜스_17135.cpp */ = {isa = PBXFileReference; lastKnownFileType = sourcecode.cpp.cpp; path = "캐슬_디펜스_17135.cpp"; sourceTree = "<group>"; };
		F785304923D6DBE9006744AE /* BFS */ = {isa = PBXFileReference; explicitFileType = "compiled.mach-o.executable"; includeInIndex = 0; path = BFS; sourceTree = BUILT_PRODUCTS_DIR; };
		F785304C23D6DBE9006744AE /* 구슬_탈출4_15653.cpp */ = {isa = PBXFileReference; lastKnownFileType = sourcecode.cpp.cpp; path = "구슬_탈출4_15653.cpp"; sourceTree = "<group>"; };
		F785305623D9811D006744AE /* 과외맨_5213.cpp */ = {isa = PBXFileReference; lastKnownFileType = sourcecode.cpp.cpp; path = "과외맨_5213.cpp"; sourceTree = "<group>"; };
		F785305923DAC12A006744AE /* 양_3184.cpp */ = {isa = PBXFileReference; lastKnownFileType = sourcecode.cpp.cpp; path = "양_3184.cpp"; sourceTree = "<group>"; };
		F785305D23DC1D5F006744AE /* 스타트링크_5014.cpp */ = {isa = PBXFileReference; lastKnownFileType = sourcecode.cpp.cpp; path = "스타트링크_5014.cpp"; sourceTree = "<group>"; };
		F785305F23DC24C4006744AE /* 돌_그룹_12886.cpp */ = {isa = PBXFileReference; lastKnownFileType = sourcecode.cpp.cpp; path = "돌_그룹_12886.cpp"; sourceTree = "<group>"; };
		F785306123DC3E4D006744AE /* 벽_부수고_이동하기2_14442.cpp */ = {isa = PBXFileReference; lastKnownFileType = sourcecode.cpp.cpp; path = "벽_부수고_이동하기2_14442.cpp"; sourceTree = "<group>"; };
		F785306323DD71A7006744AE /* 말이_되고픈_원숭이_1600.cpp */ = {isa = PBXFileReference; lastKnownFileType = sourcecode.cpp.cpp; path = "말이_되고픈_원숭이_1600.cpp"; sourceTree = "<group>"; };
		F785306523DD8E08006744AE /* 적록색약_10026.cpp */ = {isa = PBXFileReference; lastKnownFileType = sourcecode.cpp.cpp; path = "적록색약_10026.cpp"; sourceTree = "<group>"; };
		F785306723DD9260006744AE /* 성곽_2234.cpp */ = {isa = PBXFileReference; lastKnownFileType = sourcecode.cpp.cpp; path = "성곽_2234.cpp"; sourceTree = "<group>"; };
		F785306923DDB43D006744AE /* 백조의_호수_3197.cpp */ = {isa = PBXFileReference; lastKnownFileType = sourcecode.cpp.cpp; path = "백조의_호수_3197.cpp"; sourceTree = "<group>"; };
		F785306B23DEBE8C006744AE /* 새로운_하노이_탑_12906.cpp */ = {isa = PBXFileReference; lastKnownFileType = sourcecode.cpp.cpp; path = "새로운_하노이_탑_12906.cpp"; sourceTree = "<group>"; };
		F785306D23DEDBEA006744AE /* 4연산_14395.cpp */ = {isa = PBXFileReference; lastKnownFileType = sourcecode.cpp.cpp; path = "4연산_14395.cpp"; sourceTree = "<group>"; };
		F785306F23E0079E006744AE /* 거울_설치_2151.cpp */ = {isa = PBXFileReference; lastKnownFileType = sourcecode.cpp.cpp; path = "거울_설치_2151.cpp"; sourceTree = "<group>"; };
		F785307123E0266D006744AE /* 견우와_직녀_16137.cpp */ = {isa = PBXFileReference; lastKnownFileType = sourcecode.cpp.cpp; path = "견우와_직녀_16137.cpp"; sourceTree = "<group>"; };
		F785307723E15F1F006744AE /* 구슬_탈출2_13460.cpp */ = {isa = PBXFileReference; lastKnownFileType = sourcecode.cpp.cpp; path = "구슬_탈출2_13460.cpp"; sourceTree = "<group>"; };
		F788705E23E1BD7A001E50D4 /* 인구_이동_16234.cpp */ = {isa = PBXFileReference; lastKnownFileType = sourcecode.cpp.cpp; path = "인구_이동_16234.cpp"; sourceTree = "<group>"; };
/* End PBXFileReference section */

/* Begin PBXFrameworksBuildPhase section */
		F785304623D6DBE9006744AE /* Frameworks */ = {
			isa = PBXFrameworksBuildPhase;
			buildActionMask = 2147483647;
			files = (
			);
			runOnlyForDeploymentPostprocessing = 0;
		};
/* End PBXFrameworksBuildPhase section */

/* Begin PBXGroup section */
		F785304023D6DBE9006744AE = {
			isa = PBXGroup;
			children = (
				F785304B23D6DBE9006744AE /* BFS */,
				F785304A23D6DBE9006744AE /* Products */,
			);
			sourceTree = "<group>";
		};
		F785304A23D6DBE9006744AE /* Products */ = {
			isa = PBXGroup;
			children = (
				F785304923D6DBE9006744AE /* BFS */,
			);
			name = Products;
			sourceTree = "<group>";
		};
		F785304B23D6DBE9006744AE /* BFS */ = {
			isa = PBXGroup;
			children = (
				F785304C23D6DBE9006744AE /* 구슬_탈출4_15653.cpp */,
				F785305623D9811D006744AE /* 과외맨_5213.cpp */,
				F785305923DAC12A006744AE /* 양_3184.cpp */,
				F785305D23DC1D5F006744AE /* 스타트링크_5014.cpp */,
				F785305F23DC24C4006744AE /* 돌_그룹_12886.cpp */,
				F785306123DC3E4D006744AE /* 벽_부수고_이동하기2_14442.cpp */,
				F785306323DD71A7006744AE /* 말이_되고픈_원숭이_1600.cpp */,
				F785306523DD8E08006744AE /* 적록색약_10026.cpp */,
				F785306723DD9260006744AE /* 성곽_2234.cpp */,
				F785306923DDB43D006744AE /* 백조의_호수_3197.cpp */,
				F785306B23DEBE8C006744AE /* 새로운_하노이_탑_12906.cpp */,
				F785306D23DEDBEA006744AE /* 4연산_14395.cpp */,
				F785306F23E0079E006744AE /* 거울_설치_2151.cpp */,
				F785307123E0266D006744AE /* 견우와_직녀_16137.cpp */,
				F785307723E15F1F006744AE /* 구슬_탈출2_13460.cpp */,
				F788705E23E1BD7A001E50D4 /* 인구_이동_16234.cpp */,
				F77F6AF023E9A9680001E703 /* 캐슬_디펜스_17135.cpp */,
				F77C358D23F0191F00ABA51F /* 보물섬_2589.cpp */,
			);
			path = BFS;
			sourceTree = "<group>";
		};
/* End PBXGroup section */

/* Begin PBXNativeTarget section */
		F785304823D6DBE9006744AE /* BFS */ = {
			isa = PBXNativeTarget;
			buildConfigurationList = F785305023D6DBE9006744AE /* Build configuration list for PBXNativeTarget "BFS" */;
			buildPhases = (
				F785304523D6DBE9006744AE /* Sources */,
				F785304623D6DBE9006744AE /* Frameworks */,
				F785304723D6DBE9006744AE /* CopyFiles */,
			);
			buildRules = (
			);
			dependencies = (
			);
			name = BFS;
			productName = BFS;
			productReference = F785304923D6DBE9006744AE /* BFS */;
			productType = "com.apple.product-type.tool";
		};
/* End PBXNativeTarget section */

/* Begin PBXProject section */
		F785304123D6DBE9006744AE /* Project object */ = {
			isa = PBXProject;
			attributes = {
				LastUpgradeCheck = 1030;
				ORGANIZATIONNAME = "jiho park";
				TargetAttributes = {
					F785304823D6DBE9006744AE = {
						CreatedOnToolsVersion = 10.3;
					};
				};
			};
			buildConfigurationList = F785304423D6DBE9006744AE /* Build configuration list for PBXProject "BFS" */;
			compatibilityVersion = "Xcode 9.3";
			developmentRegion = en;
			hasScannedForEncodings = 0;
			knownRegions = (
				en,
			);
			mainGroup = F785304023D6DBE9006744AE;
			productRefGroup = F785304A23D6DBE9006744AE /* Products */;
			projectDirPath = "";
			projectRoot = "";
			targets = (
				F785304823D6DBE9006744AE /* BFS */,
			);
		};
/* End PBXProject section */

/* Begin PBXSourcesBuildPhase section */
		F785304523D6DBE9006744AE /* Sources */ = {
			isa = PBXSourcesBuildPhase;
			buildActionMask = 2147483647;
			files = (
				F77C358E23F0191F00ABA51F /* 보물섬_2589.cpp in Sources */,
			);
			runOnlyForDeploymentPostprocessing = 0;
		};
/* End PBXSourcesBuildPhase section */

/* Begin XCBuildConfiguration section */
		F785304E23D6DBE9006744AE /* Debug */ = {
			isa = XCBuildConfiguration;
			buildSettings = {
				ALWAYS_SEARCH_USER_PATHS = NO;
				CLANG_ANALYZER_NONNULL = YES;
				CLANG_ANALYZER_NUMBER_OBJECT_CONVERSION = YES_AGGRESSIVE;
				CLANG_CXX_LANGUAGE_STANDARD = "gnu++14";
				CLANG_CXX_LIBRARY = "libc++";
				CLANG_ENABLE_MODULES = YES;
				CLANG_ENABLE_OBJC_ARC = YES;
				CLANG_ENABLE_OBJC_WEAK = YES;
				CLANG_WARN_BLOCK_CAPTURE_AUTORELEASING = YES;
				CLANG_WARN_BOOL_CONVERSION = YES;
				CLANG_WARN_COMMA = YES;
				CLANG_WARN_CONSTANT_CONVERSION = YES;
				CLANG_WARN_DEPRECATED_OBJC_IMPLEMENTATIONS = YES;
				CLANG_WARN_DIRECT_OBJC_ISA_USAGE = YES_ERROR;
				CLANG_WARN_DOCUMENTATION_COMMENTS = YES;
				CLANG_WARN_EMPTY_BODY = YES;
				CLANG_WARN_ENUM_CONVERSION = YES;
				CLANG_WARN_INFINITE_RECURSION = YES;
				CLANG_WARN_INT_CONVERSION = YES;
				CLANG_WARN_NON_LITERAL_NULL_CONVERSION = YES;
				CLANG_WARN_OBJC_IMPLICIT_RETAIN_SELF = YES;
				CLANG_WARN_OBJC_LITERAL_CONVERSION = YES;
				CLANG_WARN_OBJC_ROOT_CLASS = YES_ERROR;
				CLANG_WARN_RANGE_LOOP_ANALYSIS = YES;
				CLANG_WARN_STRICT_PROTOTYPES = YES;
				CLANG_WARN_SUSPICIOUS_MOVE = YES;
				CLANG_WARN_UNGUARDED_AVAILABILITY = YES_AGGRESSIVE;
				CLANG_WARN_UNREACHABLE_CODE = YES;
				CLANG_WARN__DUPLICATE_METHOD_MATCH = YES;
				CODE_SIGN_IDENTITY = "Mac Developer";
				COPY_PHASE_STRIP = NO;
				DEBUG_INFORMATION_FORMAT = dwarf;
				ENABLE_STRICT_OBJC_MSGSEND = YES;
				ENABLE_TESTABILITY = YES;
				GCC_C_LANGUAGE_STANDARD = gnu11;
				GCC_DYNAMIC_NO_PIC = NO;
				GCC_NO_COMMON_BLOCKS = YES;
				GCC_OPTIMIZATION_LEVEL = 0;
				GCC_PREPROCESSOR_DEFINITIONS = (
					"DEBUG=1",
					"$(inherited)",
				);
				GCC_WARN_64_TO_32_BIT_CONVERSION = YES;
				GCC_WARN_ABOUT_RETURN_TYPE = YES_ERROR;
				GCC_WARN_UNDECLARED_SELECTOR = YES;
				GCC_WARN_UNINITIALIZED_AUTOS = YES_AGGRESSIVE;
				GCC_WARN_UNUSED_FUNCTION = YES;
				GCC_WARN_UNUSED_VARIABLE = YES;
				MACOSX_DEPLOYMENT_TARGET = 10.15;
				MTL_ENABLE_DEBUG_INFO = INCLUDE_SOURCE;
				MTL_FAST_MATH = YES;
				ONLY_ACTIVE_ARCH = YES;
				SDKROOT = macosx;
			};
			name = Debug;
		};
		F785304F23D6DBE9006744AE /* Release */ = {
			isa = XCBuildConfiguration;
			buildSettings = {
				ALWAYS_SEARCH_USER_PATHS = NO;
				CLANG_ANALYZER_NONNULL = YES;
				CLANG_ANALYZER_NUMBER_OBJECT_CONVERSION = YES_AGGRESSIVE;
				CLANG_CXX_LANGUAGE_STANDARD = "gnu++14";
				CLANG_CXX_LIBRARY = "libc++";
				CLANG_ENABLE_MODULES = YES;
				CLANG_ENABLE_OBJC_ARC = YES;
				CLANG_ENABLE_OBJC_WEAK = YES;
				CLANG_WARN_BLOCK_CAPTURE_AUTORELEASING = YES;
				CLANG_WARN_BOOL_CONVERSION = YES;
				CLANG_WARN_COMMA = YES;
				CLANG_WARN_CONSTANT_CONVERSION = YES;
				CLANG_WARN_DEPRECATED_OBJC_IMPLEMENTATIONS = YES;
				CLANG_WARN_DIRECT_OBJC_ISA_USAGE = YES_ERROR;
				CLANG_WARN_DOCUMENTATION_COMMENTS = YES;
				CLANG_WARN_EMPTY_BODY = YES;
				CLANG_WARN_ENUM_CONVERSION = YES;
				CLANG_WARN_INFINITE_RECURSION = YES;
				CLANG_WARN_INT_CONVERSION = YES;
				CLANG_WARN_NON_LITERAL_NULL_CONVERSION = YES;
				CLANG_WARN_OBJC_IMPLICIT_RETAIN_SELF = YES;
				CLANG_WARN_OBJC_LITERAL_CONVERSION = YES;
				CLANG_WARN_OBJC_ROOT_CLASS = YES_ERROR;
				CLANG_WARN_RANGE_LOOP_ANALYSIS = YES;
				CLANG_WARN_STRICT_PROTOTYPES = YES;
				CLANG_WARN_SUSPICIOUS_MOVE = YES;
				CLANG_WARN_UNGUARDED_AVAILABILITY = YES_AGGRESSIVE;
				CLANG_WARN_UNREACHABLE_CODE = YES;
				CLANG_WARN__DUPLICATE_METHOD_MATCH = YES;
				CODE_SIGN_IDENTITY = "Mac Developer";
				COPY_PHASE_STRIP = NO;
				DEBUG_INFORMATION_FORMAT = "dwarf-with-dsym";
				ENABLE_NS_ASSERTIONS = NO;
				ENABLE_STRICT_OBJC_MSGSEND = YES;
				GCC_C_LANGUAGE_STANDARD = gnu11;
				GCC_NO_COMMON_BLOCKS = YES;
				GCC_WARN_64_TO_32_BIT_CONVERSION = YES;
				GCC_WARN_ABOUT_RETURN_TYPE = YES_ERROR;
				GCC_WARN_UNDECLARED_SELECTOR = YES;
				GCC_WARN_UNINITIALIZED_AUTOS = YES_AGGRESSIVE;
				GCC_WARN_UNUSED_FUNCTION = YES;
				GCC_WARN_UNUSED_VARIABLE = YES;
				MACOSX_DEPLOYMENT_TARGET = 10.15;
				MTL_ENABLE_DEBUG_INFO = NO;
				MTL_FAST_MATH = YES;
				SDKROOT = macosx;
			};
			name = Release;
		};
		F785305123D6DBE9006744AE /* Debug */ = {
			isa = XCBuildConfiguration;
			buildSettings = {
				CODE_SIGN_STYLE = Automatic;
				DEVELOPMENT_TEAM = V3W78W5N2Z;
				PRODUCT_NAME = "$(TARGET_NAME)";
			};
			name = Debug;
		};
		F785305223D6DBE9006744AE /* Release */ = {
			isa = XCBuildConfiguration;
			buildSettings = {
				CODE_SIGN_STYLE = Automatic;
				DEVELOPMENT_TEAM = V3W78W5N2Z;
				PRODUCT_NAME = "$(TARGET_NAME)";
			};
			name = Release;
		};
/* End XCBuildConfiguration section */

/* Begin XCConfigurationList section */
		F785304423D6DBE9006744AE /* Build configuration list for PBXProject "BFS" */ = {
			isa = XCConfigurationList;
			buildConfigurations = (
				F785304E23D6DBE9006744AE /* Debug */,
				F785304F23D6DBE9006744AE /* Release */,
			);
			defaultConfigurationIsVisible = 0;
			defaultConfigurationName = Release;
		};
		F785305023D6DBE9006744AE /* Build configuration list for PBXNativeTarget "BFS" */ = {
			isa = XCConfigurationList;
			buildConfigurations = (
				F785305123D6DBE9006744AE /* Debug */,
				F785305223D6DBE9006744AE /* Release */,
			);
			defaultConfigurationIsVisible = 0;
			defaultConfigurationName = Release;
		};
/* End XCConfigurationList section */
	};
	rootObject = F785304123D6DBE9006744AE /* Project object */;
}
